// !$*UTF8*$!
{
	archiveVersion = 1;
	classes = {
	};
	objectVersion = 50;
	objects = {

/* Begin PBXBuildFile section */
		65029E8124C1AC9C00675878 /* AppDelegate.m in Sources */ = {isa = PBXBuildFile; fileRef = 65029E8024C1AC9C00675878 /* AppDelegate.m */; };
		65029E8424C1AC9C00675878 /* SceneDelegate.m in Sources */ = {isa = PBXBuildFile; fileRef = 65029E8324C1AC9C00675878 /* SceneDelegate.m */; };
		65029E8724C1AC9C00675878 /* ViewController.m in Sources */ = {isa = PBXBuildFile; fileRef = 65029E8624C1AC9C00675878 /* ViewController.m */; };
		65029E8A24C1AC9C00675878 /* Main.storyboard in Resources */ = {isa = PBXBuildFile; fileRef = 65029E8824C1AC9C00675878 /* Main.storyboard */; };
		65029E8C24C1AC9F00675878 /* Assets.xcassets in Resources */ = {isa = PBXBuildFile; fileRef = 65029E8B24C1AC9F00675878 /* Assets.xcassets */; };
		65029E8F24C1AC9F00675878 /* LaunchScreen.storyboard in Resources */ = {isa = PBXBuildFile; fileRef = 65029E8D24C1AC9F00675878 /* LaunchScreen.storyboard */; };
		65029E9224C1AC9F00675878 /* main.m in Sources */ = {isa = PBXBuildFile; fileRef = 65029E9124C1AC9F00675878 /* main.m */; };
		65029E9C24C1ACA000675878 /* SmartServ_TestTests.m in Sources */ = {isa = PBXBuildFile; fileRef = 65029E9B24C1ACA000675878 /* SmartServ_TestTests.m */; };
		65029EA724C1ACA000675878 /* SmartServ_TestUITests.m in Sources */ = {isa = PBXBuildFile; fileRef = 65029EA624C1ACA000675878 /* SmartServ_TestUITests.m */; };
/* End PBXBuildFile section */

/* Begin PBXContainerItemProxy section */
		65029E9824C1ACA000675878 /* PBXContainerItemProxy */ = {
			isa = PBXContainerItemProxy;
			containerPortal = 65029E7424C1AC9C00675878 /* Project object */;
			proxyType = 1;
			remoteGlobalIDString = 65029E7B24C1AC9C00675878;
			remoteInfo = "SmartServ Test";
		};
		65029EA324C1ACA000675878 /* PBXContainerItemProxy */ = {
			isa = PBXContainerItemProxy;
			containerPortal = 65029E7424C1AC9C00675878 /* Project object */;
			proxyType = 1;
			remoteGlobalIDString = 65029E7B24C1AC9C00675878;
			remoteInfo = "SmartServ Test";
		};
/* End PBXContainerItemProxy section */

/* Begin PBXFileReference section */
		65029E7C24C1AC9C00675878 /* SmartServ Test.app */ = {isa = PBXFileReference; explicitFileType = wrapper.application; includeInIndex = 0; path = "SmartServ Test.app"; sourceTree = BUILT_PRODUCTS_DIR; };
		65029E7F24C1AC9C00675878 /* AppDelegate.h */ = {isa = PBXFileReference; lastKnownFileType = sourcecode.c.h; path = AppDelegate.h; sourceTree = "<group>"; };
		65029E8024C1AC9C00675878 /* AppDelegate.m */ = {isa = PBXFileReference; lastKnownFileType = sourcecode.c.objc; path = AppDelegate.m; sourceTree = "<group>"; };
		65029E8224C1AC9C00675878 /* SceneDelegate.h */ = {isa = PBXFileReference; lastKnownFileType = sourcecode.c.h; path = SceneDelegate.h; sourceTree = "<group>"; };
		65029E8324C1AC9C00675878 /* SceneDelegate.m */ = {isa = PBXFileReference; lastKnownFileType = sourcecode.c.objc; path = SceneDelegate.m; sourceTree = "<group>"; };
		65029E8524C1AC9C00675878 /* ViewController.h */ = {isa = PBXFileReference; lastKnownFileType = sourcecode.c.h; path = ViewController.h; sourceTree = "<group>"; };
		65029E8624C1AC9C00675878 /* ViewController.m */ = {isa = PBXFileReference; lastKnownFileType = sourcecode.c.objc; path = ViewController.m; sourceTree = "<group>"; };
		65029E8924C1AC9C00675878 /* Base */ = {isa = PBXFileReference; lastKnownFileType = file.storyboard; name = Base; path = Base.lproj/Main.storyboard; sourceTree = "<group>"; };
		65029E8B24C1AC9F00675878 /* Assets.xcassets */ = {isa = PBXFileReference; lastKnownFileType = folder.assetcatalog; path = Assets.xcassets; sourceTree = "<group>"; };
		65029E8E24C1AC9F00675878 /* Base */ = {isa = PBXFileReference; lastKnownFileType = file.storyboard; name = Base; path = Base.lproj/LaunchScreen.storyboard; sourceTree = "<group>"; };
		65029E9024C1AC9F00675878 /* Info.plist */ = {isa = PBXFileReference; lastKnownFileType = text.plist.xml; path = Info.plist; sourceTree = "<group>"; };
		65029E9124C1AC9F00675878 /* main.m */ = {isa = PBXFileReference; lastKnownFileType = sourcecode.c.objc; path = main.m; sourceTree = "<group>"; };
		65029E9724C1ACA000675878 /* SmartServ TestTests.xctest */ = {isa = PBXFileReference; explicitFileType = wrapper.cfbundle; includeInIndex = 0; path = "SmartServ TestTests.xctest"; sourceTree = BUILT_PRODUCTS_DIR; };
		65029E9B24C1ACA000675878 /* SmartServ_TestTests.m */ = {isa = PBXFileReference; lastKnownFileType = sourcecode.c.objc; path = SmartServ_TestTests.m; sourceTree = "<group>"; };
		65029E9D24C1ACA000675878 /* Info.plist */ = {isa = PBXFileReference; lastKnownFileType = text.plist.xml; path = Info.plist; sourceTree = "<group>"; };
		65029EA224C1ACA000675878 /* SmartServ TestUITests.xctest */ = {isa = PBXFileReference; explicitFileType = wrapper.cfbundle; includeInIndex = 0; path = "SmartServ TestUITests.xctest"; sourceTree = BUILT_PRODUCTS_DIR; };
		65029EA624C1ACA000675878 /* SmartServ_TestUITests.m */ = {isa = PBXFileReference; lastKnownFileType = sourcecode.c.objc; path = SmartServ_TestUITests.m; sourceTree = "<group>"; };
		65029EA824C1ACA000675878 /* Info.plist */ = {isa = PBXFileReference; lastKnownFileType = text.plist.xml; path = Info.plist; sourceTree = "<group>"; };
/* End PBXFileReference section */

/* Begin PBXFrameworksBuildPhase section */
		65029E7924C1AC9C00675878 /* Frameworks */ = {
			isa = PBXFrameworksBuildPhase;
			buildActionMask = 2147483647;
			files = (
			);
			runOnlyForDeploymentPostprocessing = 0;
		};
		65029E9424C1ACA000675878 /* Frameworks */ = {
			isa = PBXFrameworksBuildPhase;
			buildActionMask = 2147483647;
			files = (
			);
			runOnlyForDeploymentPostprocessing = 0;
		};
		65029E9F24C1ACA000675878 /* Frameworks */ = {
			isa = PBXFrameworksBuildPhase;
			buildActionMask = 2147483647;
			files = (
			);
			runOnlyForDeploymentPostprocessing = 0;
		};
/* End PBXFrameworksBuildPhase section */

/* Begin PBXGroup section */
		65029E7324C1AC9C00675878 = {
			isa = PBXGroup;
			children = (
				65029E7E24C1AC9C00675878 /* SmartServ Test */,
				65029E9A24C1ACA000675878 /* SmartServ TestTests */,
				65029EA524C1ACA000675878 /* SmartServ TestUITests */,
				65029E7D24C1AC9C00675878 /* Products */,
			);
			sourceTree = "<group>";
		};
		65029E7D24C1AC9C00675878 /* Products */ = {
			isa = PBXGroup;
			children = (
				65029E7C24C1AC9C00675878 /* SmartServ Test.app */,
				65029E9724C1ACA000675878 /* SmartServ TestTests.xctest */,
				65029EA224C1ACA000675878 /* SmartServ TestUITests.xctest */,
			);
			name = Products;
			sourceTree = "<group>";
		};
		65029E7E24C1AC9C00675878 /* SmartServ Test */ = {
			isa = PBXGroup;
			children = (
				65029E7F24C1AC9C00675878 /* AppDelegate.h */,
				65029E8024C1AC9C00675878 /* AppDelegate.m */,
				65029E8224C1AC9C00675878 /* SceneDelegate.h */,
				65029E8324C1AC9C00675878 /* SceneDelegate.m */,
				65029E8524C1AC9C00675878 /* ViewController.h */,
				65029E8624C1AC9C00675878 /* ViewController.m */,
				65029E8824C1AC9C00675878 /* Main.storyboard */,
				65029E8B24C1AC9F00675878 /* Assets.xcassets */,
				65029E8D24C1AC9F00675878 /* LaunchScreen.storyboard */,
				65029E9024C1AC9F00675878 /* Info.plist */,
				65029E9124C1AC9F00675878 /* main.m */,
			);
			path = "SmartServ Test";
			sourceTree = "<group>";
		};
		65029E9A24C1ACA000675878 /* SmartServ TestTests */ = {
			isa = PBXGroup;
			children = (
				65029E9B24C1ACA000675878 /* SmartServ_TestTests.m */,
				65029E9D24C1ACA000675878 /* Info.plist */,
			);
			path = "SmartServ TestTests";
			sourceTree = "<group>";
		};
		65029EA524C1ACA000675878 /* SmartServ TestUITests */ = {
			isa = PBXGroup;
			children = (
				65029EA624C1ACA000675878 /* SmartServ_TestUITests.m */,
				65029EA824C1ACA000675878 /* Info.plist */,
			);
			path = "SmartServ TestUITests";
			sourceTree = "<group>";
		};
/* End PBXGroup section */

/* Begin PBXNativeTarget section */
		65029E7B24C1AC9C00675878 /* SmartServ Test */ = {
			isa = PBXNativeTarget;
			buildConfigurationList = 65029EAB24C1ACA000675878 /* Build configuration list for PBXNativeTarget "SmartServ Test" */;
			buildPhases = (
				65029E7824C1AC9C00675878 /* Sources */,
				65029E7924C1AC9C00675878 /* Frameworks */,
				65029E7A24C1AC9C00675878 /* Resources */,
			);
			buildRules = (
			);
			dependencies = (
			);
			name = "SmartServ Test";
			productName = "SmartServ Test";
			productReference = 65029E7C24C1AC9C00675878 /* SmartServ Test.app */;
			productType = "com.apple.product-type.application";
		};
		65029E9624C1ACA000675878 /* SmartServ TestTests */ = {
			isa = PBXNativeTarget;
			buildConfigurationList = 65029EAE24C1ACA000675878 /* Build configuration list for PBXNativeTarget "SmartServ TestTests" */;
			buildPhases = (
				65029E9324C1ACA000675878 /* Sources */,
				65029E9424C1ACA000675878 /* Frameworks */,
				65029E9524C1ACA000675878 /* Resources */,
			);
			buildRules = (
			);
			dependencies = (
				65029E9924C1ACA000675878 /* PBXTargetDependency */,
			);
			name = "SmartServ TestTests";
			productName = "SmartServ TestTests";
			productReference = 65029E9724C1ACA000675878 /* SmartServ TestTests.xctest */;
			productType = "com.apple.product-type.bundle.unit-test";
		};
		65029EA124C1ACA000675878 /* SmartServ TestUITests */ = {
			isa = PBXNativeTarget;
			buildConfigurationList = 65029EB124C1ACA000675878 /* Build configuration list for PBXNativeTarget "SmartServ TestUITests" */;
			buildPhases = (
				65029E9E24C1ACA000675878 /* Sources */,
				65029E9F24C1ACA000675878 /* Frameworks */,
				65029EA024C1ACA000675878 /* Resources */,
			);
			buildRules = (
			);
			dependencies = (
				65029EA424C1ACA000675878 /* PBXTargetDependency */,
			);
			name = "SmartServ TestUITests";
			productName = "SmartServ TestUITests";
			productReference = 65029EA224C1ACA000675878 /* SmartServ TestUITests.xctest */;
			productType = "com.apple.product-type.bundle.ui-testing";
		};
/* End PBXNativeTarget section */

/* Begin PBXProject section */
		65029E7424C1AC9C00675878 /* Project object */ = {
			isa = PBXProject;
			attributes = {
				LastUpgradeCheck = 1110;
				ORGANIZATIONNAME = SmartServ;
				TargetAttributes = {
					65029E7B24C1AC9C00675878 = {
						CreatedOnToolsVersion = 11.1;
					};
					65029E9624C1ACA000675878 = {
						CreatedOnToolsVersion = 11.1;
						TestTargetID = 65029E7B24C1AC9C00675878;
					};
					65029EA124C1ACA000675878 = {
						CreatedOnToolsVersion = 11.1;
						TestTargetID = 65029E7B24C1AC9C00675878;
					};
				};
			};
			buildConfigurationList = 65029E7724C1AC9C00675878 /* Build configuration list for PBXProject "SmartServ Test" */;
			compatibilityVersion = "Xcode 9.3";
			developmentRegion = en;
			hasScannedForEncodings = 0;
			knownRegions = (
				en,
				Base,
			);
			mainGroup = 65029E7324C1AC9C00675878;
			productRefGroup = 65029E7D24C1AC9C00675878 /* Products */;
			projectDirPath = "";
			projectRoot = "";
			targets = (
				65029E7B24C1AC9C00675878 /* SmartServ Test */,
				65029E9624C1ACA000675878 /* SmartServ TestTests */,
				65029EA124C1ACA000675878 /* SmartServ TestUITests */,
			);
		};
/* End PBXProject section */

/* Begin PBXResourcesBuildPhase section */
		65029E7A24C1AC9C00675878 /* Resources */ = {
			isa = PBXResourcesBuildPhase;
			buildActionMask = 2147483647;
			files = (
				65029E8F24C1AC9F00675878 /* LaunchScreen.storyboard in Resources */,
				65029E8C24C1AC9F00675878 /* Assets.xcassets in Resources */,
				65029E8A24C1AC9C00675878 /* Main.storyboard in Resources */,
			);
			runOnlyForDeploymentPostprocessing = 0;
		};
		65029E9524C1ACA000675878 /* Resources */ = {
			isa = PBXResourcesBuildPhase;
			buildActionMask = 2147483647;
			files = (
			);
			runOnlyForDeploymentPostprocessing = 0;
		};
		65029EA024C1ACA000675878 /* Resources */ = {
			isa = PBXResourcesBuildPhase;
			buildActionMask = 2147483647;
			files = (
			);
			runOnlyForDeploymentPostprocessing = 0;
		};
/* End PBXResourcesBuildPhase section */

/* Begin PBXSourcesBuildPhase section */
		65029E7824C1AC9C00675878 /* Sources */ = {
			isa = PBXSourcesBuildPhase;
			buildActionMask = 2147483647;
			files = (
				65029E8724C1AC9C00675878 /* ViewController.m in Sources */,
				65029E8124C1AC9C00675878 /* AppDelegate.m in Sources */,
				65029E9224C1AC9F00675878 /* main.m in Sources */,
				65029E8424C1AC9C00675878 /* SceneDelegate.m in Sources */,
			);
			runOnlyForDeploymentPostprocessing = 0;
		};
		65029E9324C1ACA000675878 /* Sources */ = {
			isa = PBXSourcesBuildPhase;
			buildActionMask = 2147483647;
			files = (
				65029E9C24C1ACA000675878 /* SmartServ_TestTests.m in Sources */,
			);
			runOnlyForDeploymentPostprocessing = 0;
		};
		65029E9E24C1ACA000675878 /* Sources */ = {
			isa = PBXSourcesBuildPhase;
			buildActionMask = 2147483647;
			files = (
				65029EA724C1ACA000675878 /* SmartServ_TestUITests.m in Sources */,
			);
			runOnlyForDeploymentPostprocessing = 0;
		};
/* End PBXSourcesBuildPhase section */

/* Begin PBXTargetDependency section */
		65029E9924C1ACA000675878 /* PBXTargetDependency */ = {
			isa = PBXTargetDependency;
			target = 65029E7B24C1AC9C00675878 /* SmartServ Test */;
			targetProxy = 65029E9824C1ACA000675878 /* PBXContainerItemProxy */;
		};
		65029EA424C1ACA000675878 /* PBXTargetDependency */ = {
			isa = PBXTargetDependency;
			target = 65029E7B24C1AC9C00675878 /* SmartServ Test */;
			targetProxy = 65029EA324C1ACA000675878 /* PBXContainerItemProxy */;
		};
/* End PBXTargetDependency section */

/* Begin PBXVariantGroup section */
		65029E8824C1AC9C00675878 /* Main.storyboard */ = {
			isa = PBXVariantGroup;
			children = (
				65029E8924C1AC9C00675878 /* Base */,
			);
			name = Main.storyboard;
			sourceTree = "<group>";
		};
		65029E8D24C1AC9F00675878 /* LaunchScreen.storyboard */ = {
			isa = PBXVariantGroup;
			children = (
				65029E8E24C1AC9F00675878 /* Base */,
			);
			name = LaunchScreen.storyboard;
			sourceTree = "<group>";
		};
/* End PBXVariantGroup section */

/* Begin XCBuildConfiguration section */
		65029EA924C1ACA000675878 /* Debug */ = {
			isa = XCBuildConfiguration;
			buildSettings = {
				ALWAYS_SEARCH_USER_PATHS = NO;
				CLANG_ANALYZER_NONNULL = YES;
				CLANG_ANALYZER_NUMBER_OBJECT_CONVERSION = YES_AGGRESSIVE;
				CLANG_CXX_LANGUAGE_STANDARD = "gnu++14";
				CLANG_CXX_LIBRARY = "libc++";
				CLANG_ENABLE_MODULES = YES;
				CLANG_ENABLE_OBJC_ARC = YES;
				CLANG_ENABLE_OBJC_WEAK = YES;
				CLANG_WARN_BLOCK_CAPTURE_AUTORELEASING = YES;
				CLANG_WARN_BOOL_CONVERSION = YES;
				CLANG_WARN_COMMA = YES;
				CLANG_WARN_CONSTANT_CONVERSION = YES;
				CLANG_WARN_DEPRECATED_OBJC_IMPLEMENTATIONS = YES;
				CLANG_WARN_DIRECT_OBJC_ISA_USAGE = YES_ERROR;
				CLANG_WARN_DOCUMENTATION_COMMENTS = YES;
				CLANG_WARN_EMPTY_BODY = YES;
				CLANG_WARN_ENUM_CONVERSION = YES;
				CLANG_WARN_INFINITE_RECURSION = YES;
				CLANG_WARN_INT_CONVERSION = YES;
				CLANG_WARN_NON_LITERAL_NULL_CONVERSION = YES;
				CLANG_WARN_OBJC_IMPLICIT_RETAIN_SELF = YES;
				CLANG_WARN_OBJC_LITERAL_CONVERSION = YES;
				CLANG_WARN_OBJC_ROOT_CLASS = YES_ERROR;
				CLANG_WARN_RANGE_LOOP_ANALYSIS = YES;
				CLANG_WARN_STRICT_PROTOTYPES = YES;
				CLANG_WARN_SUSPICIOUS_MOVE = YES;
				CLANG_WARN_UNGUARDED_AVAILABILITY = YES_AGGRESSIVE;
				CLANG_WARN_UNREACHABLE_CODE = YES;
				CLANG_WARN__DUPLICATE_METHOD_MATCH = YES;
				COPY_PHASE_STRIP = NO;
				DEBUG_INFORMATION_FORMAT = dwarf;
				ENABLE_STRICT_OBJC_MSGSEND = YES;
				ENABLE_TESTABILITY = YES;
				GCC_C_LANGUAGE_STANDARD = gnu11;
				GCC_DYNAMIC_NO_PIC = NO;
				GCC_NO_COMMON_BLOCKS = YES;
				GCC_OPTIMIZATION_LEVEL = 0;
				GCC_PREPROCESSOR_DEFINITIONS = (
					"DEBUG=1",
					"$(inherited)",
				);
				GCC_WARN_64_TO_32_BIT_CONVERSION = YES;
				GCC_WARN_ABOUT_RETURN_TYPE = YES_ERROR;
				GCC_WARN_UNDECLARED_SELECTOR = YES;
				GCC_WARN_UNINITIALIZED_AUTOS = YES_AGGRESSIVE;
				GCC_WARN_UNUSED_FUNCTION = YES;
				GCC_WARN_UNUSED_VARIABLE = YES;
				IPHONEOS_DEPLOYMENT_TARGET = 13.1;
				MTL_ENABLE_DEBUG_INFO = INCLUDE_SOURCE;
				MTL_FAST_MATH = YES;
				ONLY_ACTIVE_ARCH = YES;
				SDKROOT = iphoneos;
			};
			name = Debug;
		};
		65029EAA24C1ACA000675878 /* Release */ = {
			isa = XCBuildConfiguration;
			buildSettings = {
				ALWAYS_SEARCH_USER_PATHS = NO;
				CLANG_ANALYZER_NONNULL = YES;
				CLANG_ANALYZER_NUMBER_OBJECT_CONVERSION = YES_AGGRESSIVE;
				CLANG_CXX_LANGUAGE_STANDARD = "gnu++14";
				CLANG_CXX_LIBRARY = "libc++";
				CLANG_ENABLE_MODULES = YES;
				CLANG_ENABLE_OBJC_ARC = YES;
				CLANG_ENABLE_OBJC_WEAK = YES;
				CLANG_WARN_BLOCK_CAPTURE_AUTORELEASING = YES;
				CLANG_WARN_BOOL_CONVERSION = YES;
				CLANG_WARN_COMMA = YES;
				CLANG_WARN_CONSTANT_CONVERSION = YES;
				CLANG_WARN_DEPRECATED_OBJC_IMPLEMENTATIONS = YES;
				CLANG_WARN_DIRECT_OBJC_ISA_USAGE = YES_ERROR;
				CLANG_WARN_DOCUMENTATION_COMMENTS = YES;
				CLANG_WARN_EMPTY_BODY = YES;
				CLANG_WARN_ENUM_CONVERSION = YES;
				CLANG_WARN_INFINITE_RECURSION = YES;
				CLANG_WARN_INT_CONVERSION = YES;
				CLANG_WARN_NON_LITERAL_NULL_CONVERSION = YES;
				CLANG_WARN_OBJC_IMPLICIT_RETAIN_SELF = YES;
				CLANG_WARN_OBJC_LITERAL_CONVERSION = YES;
				CLANG_WARN_OBJC_ROOT_CLASS = YES_ERROR;
				CLANG_WARN_RANGE_LOOP_ANALYSIS = YES;
				CLANG_WARN_STRICT_PROTOTYPES = YES;
				CLANG_WARN_SUSPICIOUS_MOVE = YES;
				CLANG_WARN_UNGUARDED_AVAILABILITY = YES_AGGRESSIVE;
				CLANG_WARN_UNREACHABLE_CODE = YES;
				CLANG_WARN__DUPLICATE_METHOD_MATCH = YES;
				COPY_PHASE_STRIP = NO;
				DEBUG_INFORMATION_FORMAT = "dwarf-with-dsym";
				ENABLE_NS_ASSERTIONS = NO;
				ENABLE_STRICT_OBJC_MSGSEND = YES;
				GCC_C_LANGUAGE_STANDARD = gnu11;
				GCC_NO_COMMON_BLOCKS = YES;
				GCC_WARN_64_TO_32_BIT_CONVERSION = YES;
				GCC_WARN_ABOUT_RETURN_TYPE = YES_ERROR;
				GCC_WARN_UNDECLARED_SELECTOR = YES;
				GCC_WARN_UNINITIALIZED_AUTOS = YES_AGGRESSIVE;
				GCC_WARN_UNUSED_FUNCTION = YES;
				GCC_WARN_UNUSED_VARIABLE = YES;
				IPHONEOS_DEPLOYMENT_TARGET = 13.1;
				MTL_ENABLE_DEBUG_INFO = NO;
				MTL_FAST_MATH = YES;
				SDKROOT = iphoneos;
				VALIDATE_PRODUCT = YES;
			};
			name = Release;
		};
		65029EAC24C1ACA000675878 /* Debug */ = {
			isa = XCBuildConfiguration;
			buildSettings = {
				ASSETCATALOG_COMPILER_APPICON_NAME = AppIcon;
				CODE_SIGN_STYLE = Automatic;
				DEVELOPMENT_TEAM = 27J356AFNZ;
				INFOPLIST_FILE = "SmartServ Test/Info.plist";
				LD_RUNPATH_SEARCH_PATHS = (
					"$(inherited)",
					"@executable_path/Frameworks",
				);
				PRODUCT_BUNDLE_IDENTIFIER = "com.smartServ.SmartServ-Test";
				PRODUCT_NAME = "$(TARGET_NAME)";
				TARGETED_DEVICE_FAMILY = "1,2";
			};
			name = Debug;
		};
		65029EAD24C1ACA000675878 /* Release */ = {
			isa = XCBuildConfiguration;
			buildSettings = {
				ASSETCATALOG_COMPILER_APPICON_NAME = AppIcon;
				CODE_SIGN_STYLE = Automatic;
				DEVELOPMENT_TEAM = 27J356AFNZ;
				INFOPLIST_FILE = "SmartServ Test/Info.plist";
				LD_RUNPATH_SEARCH_PATHS = (
					"$(inherited)",
					"@executable_path/Frameworks",
				);
				PRODUCT_BUNDLE_IDENTIFIER = "com.smartServ.SmartServ-Test";
				PRODUCT_NAME = "$(TARGET_NAME)";
				TARGETED_DEVICE_FAMILY = "1,2";
			};
			name = Release;
		};
		65029EAF24C1ACA000675878 /* Debug */ = {
			isa = XCBuildConfiguration;
			buildSettings = {
				BUNDLE_LOADER = "$(TEST_HOST)";
				CODE_SIGN_STYLE = Automatic;
				DEVELOPMENT_TEAM = 27J356AFNZ;
				INFOPLIST_FILE = "SmartServ TestTests/Info.plist";
				IPHONEOS_DEPLOYMENT_TARGET = 13.1;
				LD_RUNPATH_SEARCH_PATHS = (
					"$(inherited)",
					"@executable_path/Frameworks",
					"@loader_path/Frameworks",
				);
				PRODUCT_BUNDLE_IDENTIFIER = "com.smartServ.SmartServ-TestTests";
				PRODUCT_NAME = "$(TARGET_NAME)";
				TARGETED_DEVICE_FAMILY = "1,2";
				TEST_HOST = "$(BUILT_PRODUCTS_DIR)/SmartServ Test.app/SmartServ Test";
			};
			name = Debug;
		};
		65029EB024C1ACA000675878 /* Release */ = {
			isa = XCBuildConfiguration;
			buildSettings = {
				BUNDLE_LOADER = "$(TEST_HOST)";
				CODE_SIGN_STYLE = Automatic;
				DEVELOPMENT_TEAM = 27J356AFNZ;
				INFOPLIST_FILE = "SmartServ TestTests/Info.plist";
				IPHONEOS_DEPLOYMENT_TARGET = 13.1;
				LD_RUNPATH_SEARCH_PATHS = (
					"$(inherited)",
					"@executable_path/Frameworks",
					"@loader_path/Frameworks",
				);
				PRODUCT_BUNDLE_IDENTIFIER = "com.smartServ.SmartServ-TestTests";
				PRODUCT_NAME = "$(TARGET_NAME)";
				TARGETED_DEVICE_FAMILY = "1,2";
				TEST_HOST = "$(BUILT_PRODUCTS_DIR)/SmartServ Test.app/SmartServ Test";
			};
			name = Release;
		};
		65029EB224C1ACA000675878 /* Debug */ = {
			isa = XCBuildConfiguration;
			buildSettings = {
				CODE_SIGN_STYLE = Automatic;
				DEVELOPMENT_TEAM = 27J356AFNZ;
				INFOPLIST_FILE = "SmartServ TestUITests/Info.plist";
				LD_RUNPATH_SEARCH_PATHS = (
					"$(inherited)",
					"@executable_path/Frameworks",
					"@loader_path/Frameworks",
				);
				PRODUCT_BUNDLE_IDENTIFIER = "com.smartServ.SmartServ-TestUITests";
				PRODUCT_NAME = "$(TARGET_NAME)";
				TARGETED_DEVICE_FAMILY = "1,2";
				TEST_TARGET_NAME = "SmartServ Test";
			};
			name = Debug;
		};
		65029EB324C1ACA000675878 /* Release */ = {
			isa = XCBuildConfiguration;
			buildSettings = {
				CODE_SIGN_STYLE = Automatic;
				DEVELOPMENT_TEAM = 27J356AFNZ;
				INFOPLIST_FILE = "SmartServ TestUITests/Info.plist";
				LD_RUNPATH_SEARCH_PATHS = (
					"$(inherited)",
					"@executable_path/Frameworks",
					"@loader_path/Frameworks",
				);
				PRODUCT_BUNDLE_IDENTIFIER = "com.smartServ.SmartServ-TestUITests";
				PRODUCT_NAME = "$(TARGET_NAME)";
				TARGETED_DEVICE_FAMILY = "1,2";
				TEST_TARGET_NAME = "SmartServ Test";
			};
			name = Release;
		};
/* End XCBuildConfiguration section */

/* Begin XCConfigurationList section */
		65029E7724C1AC9C00675878 /* Build configuration list for PBXProject "SmartServ Test" */ = {
			isa = XCConfigurationList;
			buildConfigurations = (
				65029EA924C1ACA000675878 /* Debug */,
				65029EAA24C1ACA000675878 /* Release */,
			);
			defaultConfigurationIsVisible = 0;
			defaultConfigurationName = Release;
		};
		65029EAB24C1ACA000675878 /* Build configuration list for PBXNativeTarget "SmartServ Test" */ = {
			isa = XCConfigurationList;
			buildConfigurations = (
				65029EAC24C1ACA000675878 /* Debug */,
				65029EAD24C1ACA000675878 /* Release */,
			);
			defaultConfigurationIsVisible = 0;
			defaultConfigurationName = Release;
		};
		65029EAE24C1ACA000675878 /* Build configuration list for PBXNativeTarget "SmartServ TestTests" */ = {
			isa = XCConfigurationList;
			buildConfigurations = (
				65029EAF24C1ACA000675878 /* Debug */,
				65029EB024C1ACA000675878 /* Release */,
			);
			defaultConfigurationIsVisible = 0;
			defaultConfigurationName = Release;
		};
		65029EB124C1ACA000675878 /* Build configuration list for PBXNativeTarget "SmartServ TestUITests" */ = {
			isa = XCConfigurationList;
			buildConfigurations = (
				65029EB224C1ACA000675878 /* Debug */,
				65029EB324C1ACA000675878 /* Release */,
			);
			defaultConfigurationIsVisible = 0;
			defaultConfigurationName = Release;
		};
/* End XCConfigurationList section */
	};
	rootObject = 65029E7424C1AC9C00675878 /* Project object */;
}
