// !$*UTF8*$!
{
	archiveVersion = 1;
	classes = {
	};
	objectVersion = 51;
	objects = {

/* Begin PBXBuildFile section */
		2F2B5A2193D3882085B488DE /* Pods_SmartServ_Test.framework in Frameworks */ = {isa = PBXBuildFile; fileRef = 13406823FCA32F0F0AE8CC0C /* Pods_SmartServ_Test.framework */; };
		65029E8124C1AC9C00675878 /* AppDelegate.m in Sources */ = {isa = PBXBuildFile; fileRef = 65029E8024C1AC9C00675878 /* AppDelegate.m */; };
		65029E8724C1AC9C00675878 /* ViewController.m in Sources */ = {isa = PBXBuildFile; fileRef = 65029E8624C1AC9C00675878 /* ViewController.m */; };
		65029E8A24C1AC9C00675878 /* Main.storyboard in Resources */ = {isa = PBXBuildFile; fileRef = 65029E8824C1AC9C00675878 /* Main.storyboard */; };
		65029E8C24C1AC9F00675878 /* Assets.xcassets in Resources */ = {isa = PBXBuildFile; fileRef = 65029E8B24C1AC9F00675878 /* Assets.xcassets */; };
		65029E8F24C1AC9F00675878 /* LaunchScreen.storyboard in Resources */ = {isa = PBXBuildFile; fileRef = 65029E8D24C1AC9F00675878 /* LaunchScreen.storyboard */; };
		65029E9224C1AC9F00675878 /* main.m in Sources */ = {isa = PBXBuildFile; fileRef = 65029E9124C1AC9F00675878 /* main.m */; };
		65029EBC24C1B71600675878 /* ProductListTableViewCell.m in Sources */ = {isa = PBXBuildFile; fileRef = 65029EBB24C1B71600675878 /* ProductListTableViewCell.m */; };
		65029EC324C1BD8000675878 /* APIManager.m in Sources */ = {isa = PBXBuildFile; fileRef = 65029EC224C1BD8000675878 /* APIManager.m */; };
		65029EC624C1F33700675878 /* RealmProductDetails.m in Sources */ = {isa = PBXBuildFile; fileRef = 65029EC524C1F33700675878 /* RealmProductDetails.m */; };
/* End PBXBuildFile section */

/* Begin PBXFileReference section */
		02C41F25EA8CE89293FE79DF /* Pods-SmartServ Test.release.xcconfig */ = {isa = PBXFileReference; includeInIndex = 1; lastKnownFileType = text.xcconfig; name = "Pods-SmartServ Test.release.xcconfig"; path = "Target Support Files/Pods-SmartServ Test/Pods-SmartServ Test.release.xcconfig"; sourceTree = "<group>"; };
		0BDACFA2BD64A162B663BF95 /* Pods-SmartServ Test-SmartServ TestUITests.debug.xcconfig */ = {isa = PBXFileReference; includeInIndex = 1; lastKnownFileType = text.xcconfig; name = "Pods-SmartServ Test-SmartServ TestUITests.debug.xcconfig"; path = "Target Support Files/Pods-SmartServ Test-SmartServ TestUITests/Pods-SmartServ Test-SmartServ TestUITests.debug.xcconfig"; sourceTree = "<group>"; };
		13406823FCA32F0F0AE8CC0C /* Pods_SmartServ_Test.framework */ = {isa = PBXFileReference; explicitFileType = wrapper.framework; includeInIndex = 0; path = Pods_SmartServ_Test.framework; sourceTree = BUILT_PRODUCTS_DIR; };
		1717E1BDECFCAFE0C65A73E8 /* Pods-SmartServ TestTests.debug.xcconfig */ = {isa = PBXFileReference; includeInIndex = 1; lastKnownFileType = text.xcconfig; name = "Pods-SmartServ TestTests.debug.xcconfig"; path = "Target Support Files/Pods-SmartServ TestTests/Pods-SmartServ TestTests.debug.xcconfig"; sourceTree = "<group>"; };
		1ADE82D7A112293A25AFFF69 /* Pods-SmartServ TestTests.release.xcconfig */ = {isa = PBXFileReference; includeInIndex = 1; lastKnownFileType = text.xcconfig; name = "Pods-SmartServ TestTests.release.xcconfig"; path = "Target Support Files/Pods-SmartServ TestTests/Pods-SmartServ TestTests.release.xcconfig"; sourceTree = "<group>"; };
		259FFA90E9D999FC56CE4AA9 /* Pods-SmartServ Test-SmartServ TestUITests.release.xcconfig */ = {isa = PBXFileReference; includeInIndex = 1; lastKnownFileType = text.xcconfig; name = "Pods-SmartServ Test-SmartServ TestUITests.release.xcconfig"; path = "Target Support Files/Pods-SmartServ Test-SmartServ TestUITests/Pods-SmartServ Test-SmartServ TestUITests.release.xcconfig"; sourceTree = "<group>"; };
		3EA652BC55A2DE33527309A6 /* Pods_SmartServ_Test_SmartServ_TestUITests.framework */ = {isa = PBXFileReference; explicitFileType = wrapper.framework; includeInIndex = 0; path = Pods_SmartServ_Test_SmartServ_TestUITests.framework; sourceTree = BUILT_PRODUCTS_DIR; };
		65029E7C24C1AC9C00675878 /* SmartServ Test.app */ = {isa = PBXFileReference; explicitFileType = wrapper.application; includeInIndex = 0; path = "SmartServ Test.app"; sourceTree = BUILT_PRODUCTS_DIR; };
		65029E7F24C1AC9C00675878 /* AppDelegate.h */ = {isa = PBXFileReference; lastKnownFileType = sourcecode.c.h; path = AppDelegate.h; sourceTree = "<group>"; };
		65029E8024C1AC9C00675878 /* AppDelegate.m */ = {isa = PBXFileReference; lastKnownFileType = sourcecode.c.objc; path = AppDelegate.m; sourceTree = "<group>"; };
		65029E8524C1AC9C00675878 /* ViewController.h */ = {isa = PBXFileReference; lastKnownFileType = sourcecode.c.h; path = ViewController.h; sourceTree = "<group>"; };
		65029E8624C1AC9C00675878 /* ViewController.m */ = {isa = PBXFileReference; lastKnownFileType = sourcecode.c.objc; path = ViewController.m; sourceTree = "<group>"; };
		65029E8924C1AC9C00675878 /* Base */ = {isa = PBXFileReference; lastKnownFileType = file.storyboard; name = Base; path = Base.lproj/Main.storyboard; sourceTree = "<group>"; };
		65029E8B24C1AC9F00675878 /* Assets.xcassets */ = {isa = PBXFileReference; lastKnownFileType = folder.assetcatalog; path = Assets.xcassets; sourceTree = "<group>"; };
		65029E8E24C1AC9F00675878 /* Base */ = {isa = PBXFileReference; lastKnownFileType = file.storyboard; name = Base; path = Base.lproj/LaunchScreen.storyboard; sourceTree = "<group>"; };
		65029E9024C1AC9F00675878 /* Info.plist */ = {isa = PBXFileReference; lastKnownFileType = text.plist.xml; path = Info.plist; sourceTree = "<group>"; };
		65029E9124C1AC9F00675878 /* main.m */ = {isa = PBXFileReference; lastKnownFileType = sourcecode.c.objc; path = main.m; sourceTree = "<group>"; };
		65029EBA24C1B71600675878 /* ProductListTableViewCell.h */ = {isa = PBXFileReference; lastKnownFileType = sourcecode.c.h; path = ProductListTableViewCell.h; sourceTree = "<group>"; };
		65029EBB24C1B71600675878 /* ProductListTableViewCell.m */ = {isa = PBXFileReference; lastKnownFileType = sourcecode.c.objc; path = ProductListTableViewCell.m; sourceTree = "<group>"; };
		65029EC124C1BD8000675878 /* APIManager.h */ = {isa = PBXFileReference; lastKnownFileType = sourcecode.c.h; path = APIManager.h; sourceTree = "<group>"; };
		65029EC224C1BD8000675878 /* APIManager.m */ = {isa = PBXFileReference; lastKnownFileType = sourcecode.c.objc; path = APIManager.m; sourceTree = "<group>"; };
		65029EC424C1F33700675878 /* RealmProductDetails.h */ = {isa = PBXFileReference; lastKnownFileType = sourcecode.c.h; path = RealmProductDetails.h; sourceTree = "<group>"; };
		65029EC524C1F33700675878 /* RealmProductDetails.m */ = {isa = PBXFileReference; lastKnownFileType = sourcecode.c.objc; path = RealmProductDetails.m; sourceTree = "<group>"; };
		BF00A3479787524E5D94E74E /* Pods_SmartServ_TestTests.framework */ = {isa = PBXFileReference; explicitFileType = wrapper.framework; includeInIndex = 0; path = Pods_SmartServ_TestTests.framework; sourceTree = BUILT_PRODUCTS_DIR; };
		F88408B0B70B40C55B073130 /* Pods-SmartServ Test.debug.xcconfig */ = {isa = PBXFileReference; includeInIndex = 1; lastKnownFileType = text.xcconfig; name = "Pods-SmartServ Test.debug.xcconfig"; path = "Target Support Files/Pods-SmartServ Test/Pods-SmartServ Test.debug.xcconfig"; sourceTree = "<group>"; };
/* End PBXFileReference section */

/* Begin PBXFrameworksBuildPhase section */
		65029E7924C1AC9C00675878 /* Frameworks */ = {
			isa = PBXFrameworksBuildPhase;
			buildActionMask = 2147483647;
			files = (
				2F2B5A2193D3882085B488DE /* Pods_SmartServ_Test.framework in Frameworks */,
			);
			runOnlyForDeploymentPostprocessing = 0;
		};
/* End PBXFrameworksBuildPhase section */

/* Begin PBXGroup section */
		2DBFDD0D519B054FCDF117C3 /* Pods */ = {
			isa = PBXGroup;
			children = (
				F88408B0B70B40C55B073130 /* Pods-SmartServ Test.debug.xcconfig */,
				02C41F25EA8CE89293FE79DF /* Pods-SmartServ Test.release.xcconfig */,
				0BDACFA2BD64A162B663BF95 /* Pods-SmartServ Test-SmartServ TestUITests.debug.xcconfig */,
				259FFA90E9D999FC56CE4AA9 /* Pods-SmartServ Test-SmartServ TestUITests.release.xcconfig */,
				1717E1BDECFCAFE0C65A73E8 /* Pods-SmartServ TestTests.debug.xcconfig */,
				1ADE82D7A112293A25AFFF69 /* Pods-SmartServ TestTests.release.xcconfig */,
			);
			path = Pods;
			sourceTree = "<group>";
		};
		65029E7324C1AC9C00675878 = {
			isa = PBXGroup;
			children = (
				65029E7E24C1AC9C00675878 /* SmartServ Test */,
				65029E7D24C1AC9C00675878 /* Products */,
				2DBFDD0D519B054FCDF117C3 /* Pods */,
				D021C91157AD34CAEC57701C /* Frameworks */,
			);
			sourceTree = "<group>";
		};
		65029E7D24C1AC9C00675878 /* Products */ = {
			isa = PBXGroup;
			children = (
				65029E7C24C1AC9C00675878 /* SmartServ Test.app */,
			);
			name = Products;
			sourceTree = "<group>";
		};
		65029E7E24C1AC9C00675878 /* SmartServ Test */ = {
			isa = PBXGroup;
			children = (
				65029EB424C1ACC700675878 /* Default */,
				65029EB624C1ADDA00675878 /* Home */,
				65029EC024C1BD6300675878 /* API Manager */,
			);
			path = "SmartServ Test";
			sourceTree = "<group>";
		};
		65029EB424C1ACC700675878 /* Default */ = {
			isa = PBXGroup;
			children = (
				65029E7F24C1AC9C00675878 /* AppDelegate.h */,
				65029E8024C1AC9C00675878 /* AppDelegate.m */,
				65029E8B24C1AC9F00675878 /* Assets.xcassets */,
				65029E8D24C1AC9F00675878 /* LaunchScreen.storyboard */,
				65029E9024C1AC9F00675878 /* Info.plist */,
				65029E9124C1AC9F00675878 /* main.m */,
			);
			path = Default;
			sourceTree = "<group>";
		};
		65029EB524C1ADCD00675878 /* Controller */ = {
			isa = PBXGroup;
			children = (
				65029E8524C1AC9C00675878 /* ViewController.h */,
				65029E8624C1AC9C00675878 /* ViewController.m */,
			);
			path = Controller;
			sourceTree = "<group>";
		};
		65029EB624C1ADDA00675878 /* Home */ = {
			isa = PBXGroup;
			children = (
				65029EBD24C1B72000675878 /* Cell */,
				65029EB924C1ADF200675878 /* Model */,
				65029EB724C1ADE000675878 /* View */,
				65029EB524C1ADCD00675878 /* Controller */,
			);
			path = Home;
			sourceTree = "<group>";
		};
		65029EB724C1ADE000675878 /* View */ = {
			isa = PBXGroup;
			children = (
				65029E8824C1AC9C00675878 /* Main.storyboard */,
			);
			path = View;
			sourceTree = "<group>";
		};
		65029EB924C1ADF200675878 /* Model */ = {
			isa = PBXGroup;
			children = (
				65029EC424C1F33700675878 /* RealmProductDetails.h */,
				65029EC524C1F33700675878 /* RealmProductDetails.m */,
			);
			path = Model;
			sourceTree = "<group>";
		};
		65029EBD24C1B72000675878 /* Cell */ = {
			isa = PBXGroup;
			children = (
				65029EBA24C1B71600675878 /* ProductListTableViewCell.h */,
				65029EBB24C1B71600675878 /* ProductListTableViewCell.m */,
			);
			path = Cell;
			sourceTree = "<group>";
		};
		65029EC024C1BD6300675878 /* API Manager */ = {
			isa = PBXGroup;
			children = (
				65029EC124C1BD8000675878 /* APIManager.h */,
				65029EC224C1BD8000675878 /* APIManager.m */,
			);
			path = "API Manager";
			sourceTree = "<group>";
		};
		D021C91157AD34CAEC57701C /* Frameworks */ = {
			isa = PBXGroup;
			children = (
				13406823FCA32F0F0AE8CC0C /* Pods_SmartServ_Test.framework */,
				3EA652BC55A2DE33527309A6 /* Pods_SmartServ_Test_SmartServ_TestUITests.framework */,
				BF00A3479787524E5D94E74E /* Pods_SmartServ_TestTests.framework */,
			);
			name = Frameworks;
			sourceTree = "<group>";
		};
/* End PBXGroup section */

/* Begin PBXNativeTarget section */
		65029E7B24C1AC9C00675878 /* SmartServ Test */ = {
			isa = PBXNativeTarget;
			buildConfigurationList = 65029EAB24C1ACA000675878 /* Build configuration list for PBXNativeTarget "SmartServ Test" */;
			buildPhases = (
				30362C912B872D9ABEBB0A3A /* [CP] Check Pods Manifest.lock */,
				65029E7824C1AC9C00675878 /* Sources */,
				65029E7924C1AC9C00675878 /* Frameworks */,
				65029E7A24C1AC9C00675878 /* Resources */,
				FC2C128B5504C34199BDEBB7 /* [CP] Embed Pods Frameworks */,
			);
			buildRules = (
			);
			dependencies = (
			);
			name = "SmartServ Test";
			productName = "SmartServ Test";
			productReference = 65029E7C24C1AC9C00675878 /* SmartServ Test.app */;
			productType = "com.apple.product-type.application";
		};
/* End PBXNativeTarget section */

/* Begin PBXProject section */
		65029E7424C1AC9C00675878 /* Project object */ = {
			isa = PBXProject;
			attributes = {
				LastUpgradeCheck = 1110;
				ORGANIZATIONNAME = SmartServ;
				TargetAttributes = {
					65029E7B24C1AC9C00675878 = {
						CreatedOnToolsVersion = 11.1;
					};
				};
			};
			buildConfigurationList = 65029E7724C1AC9C00675878 /* Build configuration list for PBXProject "SmartServ Test" */;
			compatibilityVersion = "Xcode 9.3";
			developmentRegion = en;
			hasScannedForEncodings = 0;
			knownRegions = (
				en,
				Base,
			);
			mainGroup = 65029E7324C1AC9C00675878;
			productRefGroup = 65029E7D24C1AC9C00675878 /* Products */;
			projectDirPath = "";
			projectRoot = "";
			targets = (
				65029E7B24C1AC9C00675878 /* SmartServ Test */,
			);
		};
/* End PBXProject section */

/* Begin PBXResourcesBuildPhase section */
		65029E7A24C1AC9C00675878 /* Resources */ = {
			isa = PBXResourcesBuildPhase;
			buildActionMask = 2147483647;
			files = (
				65029E8F24C1AC9F00675878 /* LaunchScreen.storyboard in Resources */,
				65029E8C24C1AC9F00675878 /* Assets.xcassets in Resources */,
				65029E8A24C1AC9C00675878 /* Main.storyboard in Resources */,
			);
			runOnlyForDeploymentPostprocessing = 0;
		};
/* End PBXResourcesBuildPhase section */

/* Begin PBXShellScriptBuildPhase section */
		30362C912B872D9ABEBB0A3A /* [CP] Check Pods Manifest.lock */ = {
			isa = PBXShellScriptBuildPhase;
			buildActionMask = 2147483647;
			files = (
			);
			inputFileListPaths = (
			);
			inputPaths = (
				"${PODS_PODFILE_DIR_PATH}/Podfile.lock",
				"${PODS_ROOT}/Manifest.lock",
			);
			name = "[CP] Check Pods Manifest.lock";
			outputFileListPaths = (
			);
			outputPaths = (
				"$(DERIVED_FILE_DIR)/Pods-SmartServ Test-checkManifestLockResult.txt",
			);
			runOnlyForDeploymentPostprocessing = 0;
			shellPath = /bin/sh;
			shellScript = "diff \"${PODS_PODFILE_DIR_PATH}/Podfile.lock\" \"${PODS_ROOT}/Manifest.lock\" > /dev/null\nif [ $? != 0 ] ; then\n    # print error to STDERR\n    echo \"error: The sandbox is not in sync with the Podfile.lock. Run 'pod install' or update your CocoaPods installation.\" >&2\n    exit 1\nfi\n# This output is used by Xcode 'outputs' to avoid re-running this script phase.\necho \"SUCCESS\" > \"${SCRIPT_OUTPUT_FILE_0}\"\n";
			showEnvVarsInLog = 0;
		};
		FC2C128B5504C34199BDEBB7 /* [CP] Embed Pods Frameworks */ = {
			isa = PBXShellScriptBuildPhase;
			buildActionMask = 2147483647;
			files = (
			);
			inputFileListPaths = (
				"${PODS_ROOT}/Target Support Files/Pods-SmartServ Test/Pods-SmartServ Test-frameworks-${CONFIGURATION}-input-files.xcfilelist",
			);
			name = "[CP] Embed Pods Frameworks";
			outputFileListPaths = (
				"${PODS_ROOT}/Target Support Files/Pods-SmartServ Test/Pods-SmartServ Test-frameworks-${CONFIGURATION}-output-files.xcfilelist",
			);
			runOnlyForDeploymentPostprocessing = 0;
			shellPath = /bin/sh;
			shellScript = "\"${PODS_ROOT}/Target Support Files/Pods-SmartServ Test/Pods-SmartServ Test-frameworks.sh\"\n";
			showEnvVarsInLog = 0;
		};
/* End PBXShellScriptBuildPhase section */

/* Begin PBXSourcesBuildPhase section */
		65029E7824C1AC9C00675878 /* Sources */ = {
			isa = PBXSourcesBuildPhase;
			buildActionMask = 2147483647;
			files = (
				65029E8724C1AC9C00675878 /* ViewController.m in Sources */,
				65029EBC24C1B71600675878 /* ProductListTableViewCell.m in Sources */,
				65029EC624C1F33700675878 /* RealmProductDetails.m in Sources */,
				65029E8124C1AC9C00675878 /* AppDelegate.m in Sources */,
				65029E9224C1AC9F00675878 /* main.m in Sources */,
				65029EC324C1BD8000675878 /* APIManager.m in Sources */,
			);
			runOnlyForDeploymentPostprocessing = 0;
		};
/* End PBXSourcesBuildPhase section */

/* Begin PBXVariantGroup section */
		65029E8824C1AC9C00675878 /* Main.storyboard */ = {
			isa = PBXVariantGroup;
			children = (
				65029E8924C1AC9C00675878 /* Base */,
			);
			name = Main.storyboard;
			sourceTree = "<group>";
		};
		65029E8D24C1AC9F00675878 /* LaunchScreen.storyboard */ = {
			isa = PBXVariantGroup;
			children = (
				65029E8E24C1AC9F00675878 /* Base */,
			);
			name = LaunchScreen.storyboard;
			sourceTree = "<group>";
		};
/* End PBXVariantGroup section */

/* Begin XCBuildConfiguration section */
		65029EA924C1ACA000675878 /* Debug */ = {
			isa = XCBuildConfiguration;
			buildSettings = {
				ALWAYS_SEARCH_USER_PATHS = NO;
				CLANG_ANALYZER_NONNULL = YES;
				CLANG_ANALYZER_NUMBER_OBJECT_CONVERSION = YES_AGGRESSIVE;
				CLANG_CXX_LANGUAGE_STANDARD = "gnu++14";
				CLANG_CXX_LIBRARY = "libc++";
				CLANG_ENABLE_MODULES = YES;
				CLANG_ENABLE_OBJC_ARC = YES;
				CLANG_ENABLE_OBJC_WEAK = YES;
				CLANG_WARN_BLOCK_CAPTURE_AUTORELEASING = YES;
				CLANG_WARN_BOOL_CONVERSION = YES;
				CLANG_WARN_COMMA = YES;
				CLANG_WARN_CONSTANT_CONVERSION = YES;
				CLANG_WARN_DEPRECATED_OBJC_IMPLEMENTATIONS = YES;
				CLANG_WARN_DIRECT_OBJC_ISA_USAGE = YES_ERROR;
				CLANG_WARN_DOCUMENTATION_COMMENTS = YES;
				CLANG_WARN_EMPTY_BODY = YES;
				CLANG_WARN_ENUM_CONVERSION = YES;
				CLANG_WARN_INFINITE_RECURSION = YES;
				CLANG_WARN_INT_CONVERSION = YES;
				CLANG_WARN_NON_LITERAL_NULL_CONVERSION = YES;
				CLANG_WARN_OBJC_IMPLICIT_RETAIN_SELF = YES;
				CLANG_WARN_OBJC_LITERAL_CONVERSION = YES;
				CLANG_WARN_OBJC_ROOT_CLASS = YES_ERROR;
				CLANG_WARN_RANGE_LOOP_ANALYSIS = YES;
				CLANG_WARN_STRICT_PROTOTYPES = YES;
				CLANG_WARN_SUSPICIOUS_MOVE = YES;
				CLANG_WARN_UNGUARDED_AVAILABILITY = YES_AGGRESSIVE;
				CLANG_WARN_UNREACHABLE_CODE = YES;
				CLANG_WARN__DUPLICATE_METHOD_MATCH = YES;
				COPY_PHASE_STRIP = NO;
				DEBUG_INFORMATION_FORMAT = dwarf;
				ENABLE_STRICT_OBJC_MSGSEND = YES;
				ENABLE_TESTABILITY = YES;
				GCC_C_LANGUAGE_STANDARD = gnu11;
				GCC_DYNAMIC_NO_PIC = NO;
				GCC_NO_COMMON_BLOCKS = YES;
				GCC_OPTIMIZATION_LEVEL = 0;
				GCC_PREPROCESSOR_DEFINITIONS = (
					"DEBUG=1",
					"$(inherited)",
				);
				GCC_WARN_64_TO_32_BIT_CONVERSION = YES;
				GCC_WARN_ABOUT_RETURN_TYPE = YES_ERROR;
				GCC_WARN_UNDECLARED_SELECTOR = YES;
				GCC_WARN_UNINITIALIZED_AUTOS = YES_AGGRESSIVE;
				GCC_WARN_UNUSED_FUNCTION = YES;
				GCC_WARN_UNUSED_VARIABLE = YES;
				IPHONEOS_DEPLOYMENT_TARGET = 13.1;
				MTL_ENABLE_DEBUG_INFO = INCLUDE_SOURCE;
				MTL_FAST_MATH = YES;
				ONLY_ACTIVE_ARCH = YES;
				SDKROOT = iphoneos;
			};
			name = Debug;
		};
		65029EAA24C1ACA000675878 /* Release */ = {
			isa = XCBuildConfiguration;
			buildSettings = {
				ALWAYS_SEARCH_USER_PATHS = NO;
				CLANG_ANALYZER_NONNULL = YES;
				CLANG_ANALYZER_NUMBER_OBJECT_CONVERSION = YES_AGGRESSIVE;
				CLANG_CXX_LANGUAGE_STANDARD = "gnu++14";
				CLANG_CXX_LIBRARY = "libc++";
				CLANG_ENABLE_MODULES = YES;
				CLANG_ENABLE_OBJC_ARC = YES;
				CLANG_ENABLE_OBJC_WEAK = YES;
				CLANG_WARN_BLOCK_CAPTURE_AUTORELEASING = YES;
				CLANG_WARN_BOOL_CONVERSION = YES;
				CLANG_WARN_COMMA = YES;
				CLANG_WARN_CONSTANT_CONVERSION = YES;
				CLANG_WARN_DEPRECATED_OBJC_IMPLEMENTATIONS = YES;
				CLANG_WARN_DIRECT_OBJC_ISA_USAGE = YES_ERROR;
				CLANG_WARN_DOCUMENTATION_COMMENTS = YES;
				CLANG_WARN_EMPTY_BODY = YES;
				CLANG_WARN_ENUM_CONVERSION = YES;
				CLANG_WARN_INFINITE_RECURSION = YES;
				CLANG_WARN_INT_CONVERSION = YES;
				CLANG_WARN_NON_LITERAL_NULL_CONVERSION = YES;
				CLANG_WARN_OBJC_IMPLICIT_RETAIN_SELF = YES;
				CLANG_WARN_OBJC_LITERAL_CONVERSION = YES;
				CLANG_WARN_OBJC_ROOT_CLASS = YES_ERROR;
				CLANG_WARN_RANGE_LOOP_ANALYSIS = YES;
				CLANG_WARN_STRICT_PROTOTYPES = YES;
				CLANG_WARN_SUSPICIOUS_MOVE = YES;
				CLANG_WARN_UNGUARDED_AVAILABILITY = YES_AGGRESSIVE;
				CLANG_WARN_UNREACHABLE_CODE = YES;
				CLANG_WARN__DUPLICATE_METHOD_MATCH = YES;
				COPY_PHASE_STRIP = NO;
				DEBUG_INFORMATION_FORMAT = "dwarf-with-dsym";
				ENABLE_NS_ASSERTIONS = NO;
				ENABLE_STRICT_OBJC_MSGSEND = YES;
				GCC_C_LANGUAGE_STANDARD = gnu11;
				GCC_NO_COMMON_BLOCKS = YES;
				GCC_WARN_64_TO_32_BIT_CONVERSION = YES;
				GCC_WARN_ABOUT_RETURN_TYPE = YES_ERROR;
				GCC_WARN_UNDECLARED_SELECTOR = YES;
				GCC_WARN_UNINITIALIZED_AUTOS = YES_AGGRESSIVE;
				GCC_WARN_UNUSED_FUNCTION = YES;
				GCC_WARN_UNUSED_VARIABLE = YES;
				IPHONEOS_DEPLOYMENT_TARGET = 13.1;
				MTL_ENABLE_DEBUG_INFO = NO;
				MTL_FAST_MATH = YES;
				SDKROOT = iphoneos;
				VALIDATE_PRODUCT = YES;
			};
			name = Release;
		};
		65029EAC24C1ACA000675878 /* Debug */ = {
			isa = XCBuildConfiguration;
			baseConfigurationReference = F88408B0B70B40C55B073130 /* Pods-SmartServ Test.debug.xcconfig */;
			buildSettings = {
				ASSETCATALOG_COMPILER_APPICON_NAME = AppIcon;
				CODE_SIGN_STYLE = Automatic;
				DEVELOPMENT_TEAM = 27J356AFNZ;
				INFOPLIST_FILE = "SmartServ Test/Default/Info.plist";
				LD_RUNPATH_SEARCH_PATHS = (
					"$(inherited)",
					"@executable_path/Frameworks",
				);
				PRODUCT_BUNDLE_IDENTIFIER = "com.smartServ.SmartServ-Test";
				PRODUCT_NAME = "$(TARGET_NAME)";
				TARGETED_DEVICE_FAMILY = "1,2";
			};
			name = Debug;
		};
		65029EAD24C1ACA000675878 /* Release */ = {
			isa = XCBuildConfiguration;
			baseConfigurationReference = 02C41F25EA8CE89293FE79DF /* Pods-SmartServ Test.release.xcconfig */;
			buildSettings = {
				ASSETCATALOG_COMPILER_APPICON_NAME = AppIcon;
				CODE_SIGN_STYLE = Automatic;
				DEVELOPMENT_TEAM = 27J356AFNZ;
				INFOPLIST_FILE = "SmartServ Test/Default/Info.plist";
				LD_RUNPATH_SEARCH_PATHS = (
					"$(inherited)",
					"@executable_path/Frameworks",
				);
				PRODUCT_BUNDLE_IDENTIFIER = "com.smartServ.SmartServ-Test";
				PRODUCT_NAME = "$(TARGET_NAME)";
				TARGETED_DEVICE_FAMILY = "1,2";
			};
			name = Release;
		};
/* End XCBuildConfiguration section */

/* Begin XCConfigurationList section */
		65029E7724C1AC9C00675878 /* Build configuration list for PBXProject "SmartServ Test" */ = {
			isa = XCConfigurationList;
			buildConfigurations = (
				65029EA924C1ACA000675878 /* Debug */,
				65029EAA24C1ACA000675878 /* Release */,
			);
			defaultConfigurationIsVisible = 0;
			defaultConfigurationName = Release;
		};
		65029EAB24C1ACA000675878 /* Build configuration list for PBXNativeTarget "SmartServ Test" */ = {
			isa = XCConfigurationList;
			buildConfigurations = (
				65029EAC24C1ACA000675878 /* Debug */,
				65029EAD24C1ACA000675878 /* Release */,
			);
			defaultConfigurationIsVisible = 0;
			defaultConfigurationName = Release;
		};
/* End XCConfigurationList section */
	};
	rootObject = 65029E7424C1AC9C00675878 /* Project object */;
}
